<Solution>
  <Folder Name="/src/" />
  <Folder Name="/src/Services/">
    <Project Path="Services/PaymentService/PaymentService.csproj" />
    <Project Path="src/Services/OrderService/OrderService.csproj" />
  </Folder>
  <Folder Name="/src/Shared/">
    <Project Path="src/Shared/Contracts/Contracts.csproj" />
  </Folder>
</Solution>
