<Solution>
  <Folder Name="/Solution Items/">
    <File Path="docker-compose.yml" />
    <File Path="README.md" />
  </Folder>
  <Folder Name="/src/" />
  <Folder Name="/src/Services/">
    <Project Path="src/Services/OrderService/OrderService.csproj" />
    <Project Path="src/Services/PaymentService/PaymentService.csproj" />
  </Folder>
  <Folder Name="/src/Shared/">
    <Project Path="src/Shared/Contracts/Contracts.csproj" />
  </Folder>
</Solution>
